
Microsoft Visual Studio Solution File, Format Version 12.00
# Visual Studio Version 16
VisualStudioVersion = 16.0.30128.74
MinimumVisualStudioVersion = 10.0.40219.1
Project("{FAE04EC0-301F-11D3-BF4B-00C04F79EFBC}") = "VideoStore", "VideoStore\VideoStore.csproj", "{3C5D388F-C759-4C97-B4EE-0FB148A291E8}"
EndProject
Project("{FAE04EC0-301F-11D3-BF4B-00C04F79EFBC}") = "VideoStore.Test", "VideoStore.Test\VideoStore.Test.csproj", "{F67112CB-4595-4601-B1F3-4DC03950741D}"
EndProject
Global
	GlobalSection(SolutionConfigurationPlatforms) = preSolution
		Debug|Any CPU = Debug|Any CPU
		Release|Any CPU = Release|Any CPU
	EndGlobalSection
	GlobalSection(ProjectConfigurationPlatforms) = postSolution
		{3C5D388F-C759-4C97-B4EE-0FB148A291E8}.Debug|Any CPU.ActiveCfg = Debug|Any CPU
		{3C5D388F-C759-4C97-B4EE-0FB148A291E8}.Debug|Any CPU.Build.0 = Debug|Any CPU
		{3C5D388F-C759-4C97-B4EE-0FB148A291E8}.Release|Any CPU.ActiveCfg = Release|Any CPU
		{3C5D388F-C759-4C97-B4EE-0FB148A291E8}.Release|Any CPU.Build.0 = Release|Any CPU
		{F67112CB-4595-4601-B1F3-4DC03950741D}.Debug|Any CPU.ActiveCfg = Debug|Any CPU
		{F67112CB-4595-4601-B1F3-4DC03950741D}.Debug|Any CPU.Build.0 = Debug|Any CPU
		{F67112CB-4595-4601-B1F3-4DC03950741D}.Release|Any CPU.ActiveCfg = Release|Any CPU
		{F67112CB-4595-4601-B1F3-4DC03950741D}.Release|Any CPU.Build.0 = Release|Any CPU
	EndGlobalSection
	GlobalSection(SolutionProperties) = preSolution
		HideSolutionNode = FALSE
	EndGlobalSection
	GlobalSection(ExtensibilityGlobals) = postSolution
		SolutionGuid = {EF406680-F0E6-44D8-94BD-56A3950C4231}
	EndGlobalSection
EndGlobal
